
Microsoft Visual Studio Solution File, Format Version 12.00
# Visual Studio Version 16
VisualStudioVersion = 16.0.29306.81
MinimumVisualStudioVersion = 10.0.40219.1
Project("{FAE04EC0-301F-11D3-BF4B-00C04F79EFBC}") = "Movierating", "Movierating\Movierating.csproj", "{6060D7BE-5117-441A-BB37-C0076DE864AD}"
EndProject
Project("{FAE04EC0-301F-11D3-BF4B-00C04F79EFBC}") = "XUnitTestProject1", "XUnitTestProject1\XUnitTestProject1.csproj", "{1A56B7EB-17BA-4871-B97F-FD32EFDAF6BA}"
EndProject
Global
	GlobalSection(SolutionConfigurationPlatforms) = preSolution
		Debug|Any CPU = Debug|Any CPU
		Release|Any CPU = Release|Any CPU
	EndGlobalSection
	GlobalSection(ProjectConfigurationPlatforms) = postSolution
		{6060D7BE-5117-441A-BB37-C0076DE864AD}.Debug|Any CPU.ActiveCfg = Debug|Any CPU
		{6060D7BE-5117-441A-BB37-C0076DE864AD}.Debug|Any CPU.Build.0 = Debug|Any CPU
		{6060D7BE-5117-441A-BB37-C0076DE864AD}.Release|Any CPU.ActiveCfg = Release|Any CPU
		{6060D7BE-5117-441A-BB37-C0076DE864AD}.Release|Any CPU.Build.0 = Release|Any CPU
		{1A56B7EB-17BA-4871-B97F-FD32EFDAF6BA}.Debug|Any CPU.ActiveCfg = Debug|Any CPU
		{1A56B7EB-17BA-4871-B97F-FD32EFDAF6BA}.Debug|Any CPU.Build.0 = Debug|Any CPU
		{1A56B7EB-17BA-4871-B97F-FD32EFDAF6BA}.Release|Any CPU.ActiveCfg = Release|Any CPU
		{1A56B7EB-17BA-4871-B97F-FD32EFDAF6BA}.Release|Any CPU.Build.0 = Release|Any CPU
	EndGlobalSection
	GlobalSection(SolutionProperties) = preSolution
		HideSolutionNode = FALSE
	EndGlobalSection
	GlobalSection(ExtensibilityGlobals) = postSolution
		SolutionGuid = {EC658FB6-0AB6-4E4A-862E-3352F2051691}
	EndGlobalSection
EndGlobal
